
Microsoft Visual Studio Solution File, Format Version 12.00
# Visual Studio Version 17
VisualStudioVersion = 17.6.33829.357
MinimumVisualStudioVersion = 10.0.40219.1
Project("{FAE04EC0-301F-11D3-BF4B-00C04F79EFBC}") = "BlazorPeliculas.Server", "Server\BlazorPeliculas.Server.csproj", "{4570F72B-F80D-4F93-B2F4-CAA79606792E}"
EndProject
Project("{FAE04EC0-301F-11D3-BF4B-00C04F79EFBC}") = "BlazorPeliculas.Client", "Client\BlazorPeliculas.Client.csproj", "{4866E16D-3383-4F52-93BE-B42292504256}"
EndProject
Project("{FAE04EC0-301F-11D3-BF4B-00C04F79EFBC}") = "BlazorPeliculas.Shared", "Shared\BlazorPeliculas.Shared.csproj", "{593ACCC3-633C-4667-859B-EF8289BCC2AF}"
EndProject
Global
	GlobalSection(SolutionConfigurationPlatforms) = preSolution
		Debug|Any CPU = Debug|Any CPU
		Release|Any CPU = Release|Any CPU
	EndGlobalSection
	GlobalSection(ProjectConfigurationPlatforms) = postSolution
		{4570F72B-F80D-4F93-B2F4-CAA79606792E}.Debug|Any CPU.ActiveCfg = Debug|Any CPU
		{4570F72B-F80D-4F93-B2F4-CAA79606792E}.Debug|Any CPU.Build.0 = Debug|Any CPU
		{4570F72B-F80D-4F93-B2F4-CAA79606792E}.Release|Any CPU.ActiveCfg = Release|Any CPU
		{4570F72B-F80D-4F93-B2F4-CAA79606792E}.Release|Any CPU.Build.0 = Release|Any CPU
		{4866E16D-3383-4F52-93BE-B42292504256}.Debug|Any CPU.ActiveCfg = Debug|Any CPU
		{4866E16D-3383-4F52-93BE-B42292504256}.Debug|Any CPU.Build.0 = Debug|Any CPU
		{4866E16D-3383-4F52-93BE-B42292504256}.Release|Any CPU.ActiveCfg = Release|Any CPU
		{4866E16D-3383-4F52-93BE-B42292504256}.Release|Any CPU.Build.0 = Release|Any CPU
		{593ACCC3-633C-4667-859B-EF8289BCC2AF}.Debug|Any CPU.ActiveCfg = Debug|Any CPU
		{593ACCC3-633C-4667-859B-EF8289BCC2AF}.Debug|Any CPU.Build.0 = Debug|Any CPU
		{593ACCC3-633C-4667-859B-EF8289BCC2AF}.Release|Any CPU.ActiveCfg = Release|Any CPU
		{593ACCC3-633C-4667-859B-EF8289BCC2AF}.Release|Any CPU.Build.0 = Release|Any CPU
	EndGlobalSection
	GlobalSection(SolutionProperties) = preSolution
		HideSolutionNode = FALSE
	EndGlobalSection
	GlobalSection(ExtensibilityGlobals) = postSolution
		SolutionGuid = {C9626776-998B-4902-874C-16BCD3EF0056}
	EndGlobalSection
EndGlobal
